
Microsoft Visual Studio Solution File, Format Version 12.00
# Visual Studio 15
VisualStudioVersion = 15.0.26430.16
MinimumVisualStudioVersion = 10.0.40219.1
Project("{FAE04EC0-301F-11D3-BF4B-00C04F79EFBC}") = "TwitterFeederApp.Services", "TwitterFeederApp.Services\TwitterFeederApp.Services.csproj", "{B36BDC82-D80B-4A38-8BAA-BBC61683214A}"
EndProject
Project("{FAE04EC0-301F-11D3-BF4B-00C04F79EFBC}") = "TwitterFeederApp.UI", "TwitterFeederApp.UI\TwitterFeederApp.UI.csproj", "{3C97119C-6238-4F7F-A0C1-4ADAFDE958CE}"
EndProject
Project("{FAE04EC0-301F-11D3-BF4B-00C04F79EFBC}") = "TwitterFeederApp.Tests", "TwitterFeederApp.Tests\TwitterFeederApp.Tests.csproj", "{DCA9A623-009D-415F-8537-C4BB9EA099B4}"
EndProject
Project("{FAE04EC0-301F-11D3-BF4B-00C04F79EFBC}") = "TwitterFeederApp.Library", "TwitterFeederApp.Library\TwitterFeederApp.Library.csproj", "{529EF5A0-BC2B-403D-8036-ED030FDD2C9A}"
EndProject
Global
	GlobalSection(SolutionConfigurationPlatforms) = preSolution
		Debug|Any CPU = Debug|Any CPU
		Debug|ARM = Debug|ARM
		Debug|x64 = Debug|x64
		Debug|x86 = Debug|x86
		Release|Any CPU = Release|Any CPU
		Release|ARM = Release|ARM
		Release|x64 = Release|x64
		Release|x86 = Release|x86
	EndGlobalSection
	GlobalSection(ProjectConfigurationPlatforms) = postSolution
		{B36BDC82-D80B-4A38-8BAA-BBC61683214A}.Debug|Any CPU.ActiveCfg = Debug|Any CPU
		{B36BDC82-D80B-4A38-8BAA-BBC61683214A}.Debug|Any CPU.Build.0 = Debug|Any CPU
		{B36BDC82-D80B-4A38-8BAA-BBC61683214A}.Debug|ARM.ActiveCfg = Debug|ARM
		{B36BDC82-D80B-4A38-8BAA-BBC61683214A}.Debug|ARM.Build.0 = Debug|ARM
		{B36BDC82-D80B-4A38-8BAA-BBC61683214A}.Debug|x64.ActiveCfg = Debug|x64
		{B36BDC82-D80B-4A38-8BAA-BBC61683214A}.Debug|x64.Build.0 = Debug|x64
		{B36BDC82-D80B-4A38-8BAA-BBC61683214A}.Debug|x86.ActiveCfg = Debug|x86
		{B36BDC82-D80B-4A38-8BAA-BBC61683214A}.Debug|x86.Build.0 = Debug|x86
		{B36BDC82-D80B-4A38-8BAA-BBC61683214A}.Release|Any CPU.ActiveCfg = Release|Any CPU
		{B36BDC82-D80B-4A38-8BAA-BBC61683214A}.Release|Any CPU.Build.0 = Release|Any CPU
		{B36BDC82-D80B-4A38-8BAA-BBC61683214A}.Release|ARM.ActiveCfg = Release|ARM
		{B36BDC82-D80B-4A38-8BAA-BBC61683214A}.Release|ARM.Build.0 = Release|ARM
		{B36BDC82-D80B-4A38-8BAA-BBC61683214A}.Release|x64.ActiveCfg = Release|x64
		{B36BDC82-D80B-4A38-8BAA-BBC61683214A}.Release|x64.Build.0 = Release|x64
		{B36BDC82-D80B-4A38-8BAA-BBC61683214A}.Release|x86.ActiveCfg = Release|x86
		{B36BDC82-D80B-4A38-8BAA-BBC61683214A}.Release|x86.Build.0 = Release|x86
		{3C97119C-6238-4F7F-A0C1-4ADAFDE958CE}.Debug|Any CPU.ActiveCfg = Debug|x86
		{3C97119C-6238-4F7F-A0C1-4ADAFDE958CE}.Debug|ARM.ActiveCfg = Debug|ARM
		{3C97119C-6238-4F7F-A0C1-4ADAFDE958CE}.Debug|ARM.Build.0 = Debug|ARM
		{3C97119C-6238-4F7F-A0C1-4ADAFDE958CE}.Debug|ARM.Deploy.0 = Debug|ARM
		{3C97119C-6238-4F7F-A0C1-4ADAFDE958CE}.Debug|x64.ActiveCfg = Debug|x64
		{3C97119C-6238-4F7F-A0C1-4ADAFDE958CE}.Debug|x64.Build.0 = Debug|x64
		{3C97119C-6238-4F7F-A0C1-4ADAFDE958CE}.Debug|x64.Deploy.0 = Debug|x64
		{3C97119C-6238-4F7F-A0C1-4ADAFDE958CE}.Debug|x86.ActiveCfg = Debug|x86
		{3C97119C-6238-4F7F-A0C1-4ADAFDE958CE}.Debug|x86.Build.0 = Debug|x86
		{3C97119C-6238-4F7F-A0C1-4ADAFDE958CE}.Debug|x86.Deploy.0 = Debug|x86
		{3C97119C-6238-4F7F-A0C1-4ADAFDE958CE}.Release|Any CPU.ActiveCfg = Release|x86
		{3C97119C-6238-4F7F-A0C1-4ADAFDE958CE}.Release|ARM.ActiveCfg = Release|ARM
		{3C97119C-6238-4F7F-A0C1-4ADAFDE958CE}.Release|ARM.Build.0 = Release|ARM
		{3C97119C-6238-4F7F-A0C1-4ADAFDE958CE}.Release|ARM.Deploy.0 = Release|ARM
		{3C97119C-6238-4F7F-A0C1-4ADAFDE958CE}.Release|x64.ActiveCfg = Release|x64
		{3C97119C-6238-4F7F-A0C1-4ADAFDE958CE}.Release|x64.Build.0 = Release|x64
		{3C97119C-6238-4F7F-A0C1-4ADAFDE958CE}.Release|x64.Deploy.0 = Release|x64
		{3C97119C-6238-4F7F-A0C1-4ADAFDE958CE}.Release|x86.ActiveCfg = Release|x86
		{3C97119C-6238-4F7F-A0C1-4ADAFDE958CE}.Release|x86.Build.0 = Release|x86
		{3C97119C-6238-4F7F-A0C1-4ADAFDE958CE}.Release|x86.Deploy.0 = Release|x86
		{DCA9A623-009D-415F-8537-C4BB9EA099B4}.Debug|Any CPU.ActiveCfg = Debug|x86
		{DCA9A623-009D-415F-8537-C4BB9EA099B4}.Debug|ARM.ActiveCfg = Debug|ARM
		{DCA9A623-009D-415F-8537-C4BB9EA099B4}.Debug|ARM.Build.0 = Debug|ARM
		{DCA9A623-009D-415F-8537-C4BB9EA099B4}.Debug|ARM.Deploy.0 = Debug|ARM
		{DCA9A623-009D-415F-8537-C4BB9EA099B4}.Debug|x64.ActiveCfg = Debug|x64
		{DCA9A623-009D-415F-8537-C4BB9EA099B4}.Debug|x64.Build.0 = Debug|x64
		{DCA9A623-009D-415F-8537-C4BB9EA099B4}.Debug|x64.Deploy.0 = Debug|x64
		{DCA9A623-009D-415F-8537-C4BB9EA099B4}.Debug|x86.ActiveCfg = Debug|x86
		{DCA9A623-009D-415F-8537-C4BB9EA099B4}.Debug|x86.Build.0 = Debug|x86
		{DCA9A623-009D-415F-8537-C4BB9EA099B4}.Debug|x86.Deploy.0 = Debug|x86
		{DCA9A623-009D-415F-8537-C4BB9EA099B4}.Release|Any CPU.ActiveCfg = Release|x86
		{DCA9A623-009D-415F-8537-C4BB9EA099B4}.Release|ARM.ActiveCfg = Release|ARM
		{DCA9A623-009D-415F-8537-C4BB9EA099B4}.Release|ARM.Build.0 = Release|ARM
		{DCA9A623-009D-415F-8537-C4BB9EA099B4}.Release|ARM.Deploy.0 = Release|ARM
		{DCA9A623-009D-415F-8537-C4BB9EA099B4}.Release|x64.ActiveCfg = Release|x64
		{DCA9A623-009D-415F-8537-C4BB9EA099B4}.Release|x64.Build.0 = Release|x64
		{DCA9A623-009D-415F-8537-C4BB9EA099B4}.Release|x64.Deploy.0 = Release|x64
		{DCA9A623-009D-415F-8537-C4BB9EA099B4}.Release|x86.ActiveCfg = Release|x86
		{DCA9A623-009D-415F-8537-C4BB9EA099B4}.Release|x86.Build.0 = Release|x86
		{DCA9A623-009D-415F-8537-C4BB9EA099B4}.Release|x86.Deploy.0 = Release|x86
		{529EF5A0-BC2B-403D-8036-ED030FDD2C9A}.Debug|Any CPU.ActiveCfg = Debug|Any CPU
		{529EF5A0-BC2B-403D-8036-ED030FDD2C9A}.Debug|Any CPU.Build.0 = Debug|Any CPU
		{529EF5A0-BC2B-403D-8036-ED030FDD2C9A}.Debug|ARM.ActiveCfg = Debug|ARM
		{529EF5A0-BC2B-403D-8036-ED030FDD2C9A}.Debug|ARM.Build.0 = Debug|ARM
		{529EF5A0-BC2B-403D-8036-ED030FDD2C9A}.Debug|x64.ActiveCfg = Debug|x64
		{529EF5A0-BC2B-403D-8036-ED030FDD2C9A}.Debug|x64.Build.0 = Debug|x64
		{529EF5A0-BC2B-403D-8036-ED030FDD2C9A}.Debug|x86.ActiveCfg = Debug|x86
		{529EF5A0-BC2B-403D-8036-ED030FDD2C9A}.Debug|x86.Build.0 = Debug|x86
		{529EF5A0-BC2B-403D-8036-ED030FDD2C9A}.Release|Any CPU.ActiveCfg = Release|Any CPU
		{529EF5A0-BC2B-403D-8036-ED030FDD2C9A}.Release|Any CPU.Build.0 = Release|Any CPU
		{529EF5A0-BC2B-403D-8036-ED030FDD2C9A}.Release|ARM.ActiveCfg = Release|ARM
		{529EF5A0-BC2B-403D-8036-ED030FDD2C9A}.Release|ARM.Build.0 = Release|ARM
		{529EF5A0-BC2B-403D-8036-ED030FDD2C9A}.Release|x64.ActiveCfg = Release|x64
		{529EF5A0-BC2B-403D-8036-ED030FDD2C9A}.Release|x64.Build.0 = Release|x64
		{529EF5A0-BC2B-403D-8036-ED030FDD2C9A}.Release|x86.ActiveCfg = Release|x86
		{529EF5A0-BC2B-403D-8036-ED030FDD2C9A}.Release|x86.Build.0 = Release|x86
	EndGlobalSection
	GlobalSection(SolutionProperties) = preSolution
		HideSolutionNode = FALSE
	EndGlobalSection
EndGlobal
